{
  "name": "locationfinder",
  "version": "1.0.0",
  "lockfileVersion": 1,
  "requires": true,
  "dependencies": {
    "@types/faker": {
      "version": "5.5.3",
      "resolved": "https://registry.npmjs.org/@types/faker/-/faker-5.5.3.tgz",
      "integrity": "sha512-InxkM6sCFQTI6YQl29M/XGlO19ecv/EHH5X5zLEFdge2/qya8oIT0XkJUKTqheVYWJtGi+FBAfP7hbbunDiOmg=="
    },
    "@types/google-maps": {
      "version": "3.2.2",
      "resolved": "https://registry.npmjs.org/@types/google-maps/-/google-maps-3.2.2.tgz",
      "integrity": "sha512-/XPVfS28VzUdE/HlmBRoe5ii1nNMyWujyRfRY08bD/JgmPlWSiY8enB2dqTe9mlc3kULq7LfFa1wcupM+lQfqA==",
      "requires": {
        "@types/googlemaps": "*"
      }
    },
    "@types/google.maps": {
      "version": "3.44.3",
      "resolved": "https://registry.npmjs.org/@types/google.maps/-/google.maps-3.44.3.tgz",
      "integrity": "sha512-VsVQS3lvl/JFD1uGG0x3EVIbvmLQUEGuJNcd4sPXiPf6oHxUx2EJfQTqI+Liuhe9nLDl0e864NIq2K4WzfdcGQ==",
      "dev": true
    },
    "@types/googlemaps": {
      "version": "3.43.3",
      "resolved": "https://registry.npmjs.org/@types/googlemaps/-/googlemaps-3.43.3.tgz",
      "integrity": "sha512-ZWNoz/O8MPEpiajvj7QiqCY8tTLFNqNZ/a+s+zTV58wFVNAvvqV4bdGfnsjTb5Cs4V6wEsLrX8XRhmnyYJ2Tdg=="
    },
    "faker": {
      "version": "5.5.3",
      "resolved": "https://registry.npmjs.org/faker/-/faker-5.5.3.tgz",
      "integrity": "sha512-wLTv2a28wjUyWkbnX7u/ABZBkUkIF2fCd73V6P2oFqEGEktDfzWx4UxrSqtPRw0xPRAcjeAOIiJWqZm3pP4u3g=="
    },
    "typescript": {
      "version": "4.2.4",
      "resolved": "https://registry.npmjs.org/typescript/-/typescript-4.2.4.tgz",
      "integrity": "sha512-V+evlYHZnQkaz8TRBuxTA92yZBPotr5H+WhQ7bD3hZUndx5tGOa1fuCgeSjxAzM1RiN5IzvadIXTVefuuwZCRg==",
      "dev": true
    }
  }
}
