# THIS IS AN AUTOGENERATED FILE. DO NOT EDIT THIS FILE DIRECTLY.
# yarn lockfile v1


"@types/faker@^5.5.3":
  version "5.5.3"
  resolved "https://registry.yarnpkg.com/@types/faker/-/faker-5.5.3.tgz#80978e52862e5df9e7a96befdfdd8fad882f6350"
  integrity sha512-InxkM6sCFQTI6YQl29M/XGlO19ecv/EHH5X5zLEFdge2/qya8oIT0XkJUKTqheVYWJtGi+FBAfP7hbbunDiOmg==

"@types/google-maps@^3.2.2":
  version "3.2.2"
  resolved "https://registry.yarnpkg.com/@types/google-maps/-/google-maps-3.2.2.tgz#aa97b0880be787d7fb04662707e36125c2e6e2d8"
  integrity sha512-/XPVfS28VzUdE/HlmBRoe5ii1nNMyWujyRfRY08bD/JgmPlWSiY8enB2dqTe9mlc3kULq7LfFa1wcupM+lQfqA==
  dependencies:
    "@types/googlemaps" "*"

"@types/googlemaps@*", "@types/googlemaps@^3.39.1", "@types/googlemaps@^3.43.3":
  version "3.43.3"
  resolved "https://registry.yarnpkg.com/@types/googlemaps/-/googlemaps-3.43.3.tgz#70cf962154a160fe78bcd69d6ccc296dd9175b1f"
  integrity sha512-ZWNoz/O8MPEpiajvj7QiqCY8tTLFNqNZ/a+s+zTV58wFVNAvvqV4bdGfnsjTb5Cs4V6wEsLrX8XRhmnyYJ2Tdg==

"@types/node@^14.14.41":
  version "14.14.41"
  resolved "https://registry.yarnpkg.com/@types/node/-/node-14.14.41.tgz#d0b939d94c1d7bd53d04824af45f1139b8c45615"
  integrity sha512-dueRKfaJL4RTtSa7bWeTK1M+VH+Gns73oCgzvYfHZywRCoPSd8EkXBL0mZ9unPTveBn+D9phZBaxuzpwjWkW0g==

faker@^5.5.3:
  version "5.5.3"
  resolved "https://registry.yarnpkg.com/faker/-/faker-5.5.3.tgz#c57974ee484431b25205c2c8dc09fda861e51e0e"
  integrity sha512-wLTv2a28wjUyWkbnX7u/ABZBkUkIF2fCd73V6P2oFqEGEktDfzWx4UxrSqtPRw0xPRAcjeAOIiJWqZm3pP4u3g==

google-maps@^4.3.3:
  version "4.3.3"
  resolved "https://registry.yarnpkg.com/google-maps/-/google-maps-4.3.3.tgz#b8026723534e04713303f80853c32a1f1f6ed3cd"
  integrity sha512-MQbEgBNQbGyV7mfS2tlFgW4EoGKLia24BvAl4a+kgsYWt4283kyPpaay/yKIsScQLr7nSUONaLNfOdMsCuJDEw==
  dependencies:
    "@types/googlemaps" "^3.39.1"

typescript@^4.2.4:
  version "4.2.4"
  resolved "https://registry.yarnpkg.com/typescript/-/typescript-4.2.4.tgz#8610b59747de028fda898a8aef0e103f156d0961"
  integrity sha512-V+evlYHZnQkaz8TRBuxTA92yZBPotr5H+WhQ7bD3hZUndx5tGOa1fuCgeSjxAzM1RiN5IzvadIXTVefuuwZCRg==
